
Microsoft Visual Studio Solution File, Format Version 12.00
# Visual Studio 14
VisualStudioVersion = 14.0.25420.1
MinimumVisualStudioVersion = 10.0.40219.1
Project("{FAE04EC0-301F-11D3-BF4B-00C04F79EFBC}") = "Aula0606", "Aula0606\Aula0606.csproj", "{CAA76968-8908-48C1-98C0-74E051A0A093}"
EndProject
Global
	GlobalSection(SolutionConfigurationPlatforms) = preSolution
		Debug|Any CPU = Debug|Any CPU
		Release|Any CPU = Release|Any CPU
	EndGlobalSection
	GlobalSection(ProjectConfigurationPlatforms) = postSolution
		{CAA76968-8908-48C1-98C0-74E051A0A093}.Debug|Any CPU.ActiveCfg = Debug|Any CPU
		{CAA76968-8908-48C1-98C0-74E051A0A093}.Debug|Any CPU.Build.0 = Debug|Any CPU
		{CAA76968-8908-48C1-98C0-74E051A0A093}.Release|Any CPU.ActiveCfg = Release|Any CPU
		{CAA76968-8908-48C1-98C0-74E051A0A093}.Release|Any CPU.Build.0 = Release|Any CPU
	EndGlobalSection
	GlobalSection(SolutionProperties) = preSolution
		HideSolutionNode = FALSE
	EndGlobalSection
EndGlobal
